# THIS IS AN AUTOGENERATED FILE. DO NOT EDIT THIS FILE DIRECTLY.
# yarn lockfile v1


notp@2.0.x:
  version "2.0.3"
  resolved "https://registry.yarnpkg.com/notp/-/notp-2.0.3.tgz#a9fd11e25cfe1ccb39fc6689544ee4c10ef9a577"
  integrity sha1-qf0R4lz+HMs5/GaJVE7kwQ75pXc=

passport-strategy@1.0.0:
  version "1.0.0"
  resolved "https://registry.yarnpkg.com/passport-strategy/-/passport-strategy-1.0.0.tgz#b5539aa8fc225a3d1ad179476ddf236b440f52e4"
  integrity sha1-tVOaqPwiWj0a0XlHbd8ja0QPUuQ=

passport-totp@^0.0.2:
  version "0.0.2"
  resolved "https://registry.yarnpkg.com/passport-totp/-/passport-totp-0.0.2.tgz#3173815af6b75186f969fd4256be7ffd4c1be59a"
  integrity sha1-MXOBWva3UYb5af1CVr5//Uwb5Zo=
  dependencies:
    notp "2.0.x"
    passport-strategy "1.0.0"
    pkginfo "0.2.x"

pkginfo@0.2.x:
  version "0.2.3"
  resolved "https://registry.yarnpkg.com/pkginfo/-/pkginfo-0.2.3.tgz#7239c42a5ef6c30b8f328439d9b9ff71042490f8"
  integrity sha1-cjnEKl72wwuPMoQ52bn/cQQkkPg=
